
Microsoft Visual Studio Solution File, Format Version 12.00
# Visual Studio Version 18
VisualStudioVersion = 18.3.11505.172
MinimumVisualStudioVersion = 10.0.40219.1
Project("{FAE04EC0-301F-11D3-BF4B-00C04F79EFBC}") = "Lacao", "Lacao.csproj", "{A891E0FE-4F85-4908-800A-47E36839FBF7}"
EndProject
Project("{FAE04EC0-301F-11D3-BF4B-00C04F79EFBC}") = "CRUDStoreDataService", "CRUDStoreDataService\CRUDStoreDataService.csproj", "{1484977A-057C-44CC-8EDA-1011F6DA5217}"
EndProject
Project("{FAE04EC0-301F-11D3-BF4B-00C04F79EFBC}") = "StoreAppService", "StoreAppService\StoreAppService.csproj", "{3847A091-5AEB-47C4-9634-7CBCD3A149C2}"
EndProject
Project("{FAE04EC0-301F-11D3-BF4B-00C04F79EFBC}") = "StoreModels", "StoreModels\StoreModels.csproj", "{83A68771-2DA5-449D-982E-8F41C10E42AA}"
EndProject
Global
	GlobalSection(SolutionConfigurationPlatforms) = preSolution
		Debug|Any CPU = Debug|Any CPU
		Release|Any CPU = Release|Any CPU
	EndGlobalSection
	GlobalSection(ProjectConfigurationPlatforms) = postSolution
		{A891E0FE-4F85-4908-800A-47E36839FBF7}.Debug|Any CPU.ActiveCfg = Debug|Any CPU
		{A891E0FE-4F85-4908-800A-47E36839FBF7}.Debug|Any CPU.Build.0 = Debug|Any CPU
		{A891E0FE-4F85-4908-800A-47E36839FBF7}.Release|Any CPU.ActiveCfg = Release|Any CPU
		{A891E0FE-4F85-4908-800A-47E36839FBF7}.Release|Any CPU.Build.0 = Release|Any CPU
		{1484977A-057C-44CC-8EDA-1011F6DA5217}.Debug|Any CPU.ActiveCfg = Debug|Any CPU
		{1484977A-057C-44CC-8EDA-1011F6DA5217}.Debug|Any CPU.Build.0 = Debug|Any CPU
		{1484977A-057C-44CC-8EDA-1011F6DA5217}.Release|Any CPU.ActiveCfg = Release|Any CPU
		{1484977A-057C-44CC-8EDA-1011F6DA5217}.Release|Any CPU.Build.0 = Release|Any CPU
		{3847A091-5AEB-47C4-9634-7CBCD3A149C2}.Debug|Any CPU.ActiveCfg = Debug|Any CPU
		{3847A091-5AEB-47C4-9634-7CBCD3A149C2}.Debug|Any CPU.Build.0 = Debug|Any CPU
		{3847A091-5AEB-47C4-9634-7CBCD3A149C2}.Release|Any CPU.ActiveCfg = Release|Any CPU
		{3847A091-5AEB-47C4-9634-7CBCD3A149C2}.Release|Any CPU.Build.0 = Release|Any CPU
		{83A68771-2DA5-449D-982E-8F41C10E42AA}.Debug|Any CPU.ActiveCfg = Debug|Any CPU
		{83A68771-2DA5-449D-982E-8F41C10E42AA}.Debug|Any CPU.Build.0 = Debug|Any CPU
		{83A68771-2DA5-449D-982E-8F41C10E42AA}.Release|Any CPU.ActiveCfg = Release|Any CPU
		{83A68771-2DA5-449D-982E-8F41C10E42AA}.Release|Any CPU.Build.0 = Release|Any CPU
	EndGlobalSection
	GlobalSection(SolutionProperties) = preSolution
		HideSolutionNode = FALSE
	EndGlobalSection
	GlobalSection(ExtensibilityGlobals) = postSolution
		SolutionGuid = {B374A96D-A271-4E66-8C52-CF42AD45604A}
	EndGlobalSection
EndGlobal
